
Microsoft Visual Studio Solution File, Format Version 12.00
# Visual Studio Version 17
VisualStudioVersion = 17.9.34701.34
MinimumVisualStudioVersion = 10.0.40219.1
Project("{FAE04EC0-301F-11D3-BF4B-00C04F79EFBC}") = "Aula11", "Aula11\Aula11.csproj", "{2BD70C71-3B5B-48A3-A448-32A40FE2F9EE}"
EndProject
Global
	GlobalSection(SolutionConfigurationPlatforms) = preSolution
		Debug|Any CPU = Debug|Any CPU
		Release|Any CPU = Release|Any CPU
	EndGlobalSection
	GlobalSection(ProjectConfigurationPlatforms) = postSolution
		{2BD70C71-3B5B-48A3-A448-32A40FE2F9EE}.Debug|Any CPU.ActiveCfg = Debug|Any CPU
		{2BD70C71-3B5B-48A3-A448-32A40FE2F9EE}.Debug|Any CPU.Build.0 = Debug|Any CPU
		{2BD70C71-3B5B-48A3-A448-32A40FE2F9EE}.Release|Any CPU.ActiveCfg = Release|Any CPU
		{2BD70C71-3B5B-48A3-A448-32A40FE2F9EE}.Release|Any CPU.Build.0 = Release|Any CPU
	EndGlobalSection
	GlobalSection(SolutionProperties) = preSolution
		HideSolutionNode = FALSE
	EndGlobalSection
	GlobalSection(ExtensibilityGlobals) = postSolution
		SolutionGuid = {7686DEB9-F7DC-4BD7-BABD-3213754CF060}
	EndGlobalSection
EndGlobal
