
Microsoft Visual Studio Solution File, Format Version 12.00
# Visual Studio Version 17
VisualStudioVersion = 17.9.34701.34
MinimumVisualStudioVersion = 10.0.40219.1
Project("{FAE04EC0-301F-11D3-BF4B-00C04F79EFBC}") = "Aula24", "Aula24\Aula24.csproj", "{07259CF0-0AC4-451F-9917-D05C1606E9F0}"
EndProject
Global
	GlobalSection(SolutionConfigurationPlatforms) = preSolution
		Debug|Any CPU = Debug|Any CPU
		Release|Any CPU = Release|Any CPU
	EndGlobalSection
	GlobalSection(ProjectConfigurationPlatforms) = postSolution
		{07259CF0-0AC4-451F-9917-D05C1606E9F0}.Debug|Any CPU.ActiveCfg = Debug|Any CPU
		{07259CF0-0AC4-451F-9917-D05C1606E9F0}.Debug|Any CPU.Build.0 = Debug|Any CPU
		{07259CF0-0AC4-451F-9917-D05C1606E9F0}.Release|Any CPU.ActiveCfg = Release|Any CPU
		{07259CF0-0AC4-451F-9917-D05C1606E9F0}.Release|Any CPU.Build.0 = Release|Any CPU
	EndGlobalSection
	GlobalSection(SolutionProperties) = preSolution
		HideSolutionNode = FALSE
	EndGlobalSection
	GlobalSection(ExtensibilityGlobals) = postSolution
		SolutionGuid = {F82E1CA7-E8EA-48B1-875C-D7E8F36A5555}
	EndGlobalSection
EndGlobal
