
Microsoft Visual Studio Solution File, Format Version 12.00
# Visual Studio Version 17
VisualStudioVersion = 17.9.34701.34
MinimumVisualStudioVersion = 10.0.40219.1
Project("{FAE04EC0-301F-11D3-BF4B-00C04F79EFBC}") = "Aula13", "Aula13\Aula13.csproj", "{2C481EF5-C814-43C7-8AF1-A0FC58A9326B}"
EndProject
Global
	GlobalSection(SolutionConfigurationPlatforms) = preSolution
		Debug|Any CPU = Debug|Any CPU
		Release|Any CPU = Release|Any CPU
	EndGlobalSection
	GlobalSection(ProjectConfigurationPlatforms) = postSolution
		{2C481EF5-C814-43C7-8AF1-A0FC58A9326B}.Debug|Any CPU.ActiveCfg = Debug|Any CPU
		{2C481EF5-C814-43C7-8AF1-A0FC58A9326B}.Debug|Any CPU.Build.0 = Debug|Any CPU
		{2C481EF5-C814-43C7-8AF1-A0FC58A9326B}.Release|Any CPU.ActiveCfg = Release|Any CPU
		{2C481EF5-C814-43C7-8AF1-A0FC58A9326B}.Release|Any CPU.Build.0 = Release|Any CPU
	EndGlobalSection
	GlobalSection(SolutionProperties) = preSolution
		HideSolutionNode = FALSE
	EndGlobalSection
	GlobalSection(ExtensibilityGlobals) = postSolution
		SolutionGuid = {3246D621-E276-48DE-B81E-D0EE884043CF}
	EndGlobalSection
EndGlobal
