
Microsoft Visual Studio Solution File, Format Version 12.00
# Visual Studio Version 17
VisualStudioVersion = 17.9.34701.34
MinimumVisualStudioVersion = 10.0.40219.1
Project("{FAE04EC0-301F-11D3-BF4B-00C04F79EFBC}") = "Aula19", "Aula19\Aula19.csproj", "{CAA4511A-11DE-4E9F-980C-FCEC344FB887}"
EndProject
Global
	GlobalSection(SolutionConfigurationPlatforms) = preSolution
		Debug|Any CPU = Debug|Any CPU
		Release|Any CPU = Release|Any CPU
	EndGlobalSection
	GlobalSection(ProjectConfigurationPlatforms) = postSolution
		{CAA4511A-11DE-4E9F-980C-FCEC344FB887}.Debug|Any CPU.ActiveCfg = Debug|Any CPU
		{CAA4511A-11DE-4E9F-980C-FCEC344FB887}.Debug|Any CPU.Build.0 = Debug|Any CPU
		{CAA4511A-11DE-4E9F-980C-FCEC344FB887}.Release|Any CPU.ActiveCfg = Release|Any CPU
		{CAA4511A-11DE-4E9F-980C-FCEC344FB887}.Release|Any CPU.Build.0 = Release|Any CPU
	EndGlobalSection
	GlobalSection(SolutionProperties) = preSolution
		HideSolutionNode = FALSE
	EndGlobalSection
	GlobalSection(ExtensibilityGlobals) = postSolution
		SolutionGuid = {5777E893-137C-4863-B082-997A90CB472E}
	EndGlobalSection
EndGlobal
